PODS:
  - Flutter (1.0.0)
  - native_screenshot (0.0.1):
    - Flutter

DEPENDENCIES:
  - Flutter (from `Flutter`)
  - native_screenshot (from `.symlinks/plugins/native_screenshot/ios`)

EXTERNAL SOURCES:
  Flutter:
    :path: Flutter
  native_screenshot:
    :path: ".symlinks/plugins/native_screenshot/ios"

SPEC CHECKSUMS:
  Flutter: 434fef37c0980e73bb6479ef766c45957d4b510c
  native_screenshot: 70900984bca8d5f42acf68611b8214b32a9f0deb

PODFILE CHECKSUM: aafe91acc616949ddb318b77800a7f51bffa2a4c

COCOAPODS: 1.10.1
